// !$*UTF8*$!
{
	archiveVersion = 1;
	classes = {
	};
	objectVersion = 56;
	objects = {

/* Begin PBXBuildFile section */
		BAD12F1329CDDB9F006AE325 /* SwiftUIAppStoreRatingsDistributionChartApp.swift in Sources */ = {isa = PBXBuildFile; fileRef = BAD12F1229CDDB9F006AE325 /* SwiftUIAppStoreRatingsDistributionChartApp.swift */; };
		BAD12F1529CDDB9F006AE325 /* ContentView.swift in Sources */ = {isa = PBXBuildFile; fileRef = BAD12F1429CDDB9F006AE325 /* ContentView.swift */; };
		BAD12F1729CDDBA1006AE325 /* Assets.xcassets in Resources */ = {isa = PBXBuildFile; fileRef = BAD12F1629CDDBA1006AE325 /* Assets.xcassets */; };
		BAD12F1A29CDDBA1006AE325 /* Preview Assets.xcassets in Resources */ = {isa = PBXBuildFile; fileRef = BAD12F1929CDDBA1006AE325 /* Preview Assets.xcassets */; };
		BAD12F2129CDDBDC006AE325 /* RatingsDistributionView.swift in Sources */ = {isa = PBXBuildFile; fileRef = BAD12F2029CDDBDC006AE325 /* RatingsDistributionView.swift */; };
		BAD12F2329CDDBF4006AE325 /* Star.swift in Sources */ = {isa = PBXBuildFile; fileRef = BAD12F2229CDDBF4006AE325 /* Star.swift */; };
/* End PBXBuildFile section */

/* Begin PBXFileReference section */
		BAD12F0F29CDDB9F006AE325 /* SwiftUIAppStoreRatingsDistributionChart.app */ = {isa = PBXFileReference; explicitFileType = wrapper.application; includeInIndex = 0; path = SwiftUIAppStoreRatingsDistributionChart.app; sourceTree = BUILT_PRODUCTS_DIR; };
		BAD12F1229CDDB9F006AE325 /* SwiftUIAppStoreRatingsDistributionChartApp.swift */ = {isa = PBXFileReference; lastKnownFileType = sourcecode.swift; path = SwiftUIAppStoreRatingsDistributionChartApp.swift; sourceTree = "<group>"; };
		BAD12F1429CDDB9F006AE325 /* ContentView.swift */ = {isa = PBXFileReference; lastKnownFileType = sourcecode.swift; path = ContentView.swift; sourceTree = "<group>"; };
		BAD12F1629CDDBA1006AE325 /* Assets.xcassets */ = {isa = PBXFileReference; lastKnownFileType = folder.assetcatalog; path = Assets.xcassets; sourceTree = "<group>"; };
		BAD12F1929CDDBA1006AE325 /* Preview Assets.xcassets */ = {isa = PBXFileReference; lastKnownFileType = folder.assetcatalog; path = "Preview Assets.xcassets"; sourceTree = "<group>"; };
		BAD12F2029CDDBDC006AE325 /* RatingsDistributionView.swift */ = {isa = PBXFileReference; lastKnownFileType = sourcecode.swift; path = RatingsDistributionView.swift; sourceTree = "<group>"; };
		BAD12F2229CDDBF4006AE325 /* Star.swift */ = {isa = PBXFileReference; lastKnownFileType = sourcecode.swift; path = Star.swift; sourceTree = "<group>"; };
/* End PBXFileReference section */

/* Begin PBXFrameworksBuildPhase section */
		BAD12F0C29CDDB9F006AE325 /* Frameworks */ = {
			isa = PBXFrameworksBuildPhase;
			buildActionMask = 2147483647;
			files = (
			);
			runOnlyForDeploymentPostprocessing = 0;
		};
/* End PBXFrameworksBuildPhase section */

/* Begin PBXGroup section */
		BAD12F0629CDDB9E006AE325 = {
			isa = PBXGroup;
			children = (
				BAD12F1129CDDB9F006AE325 /* SwiftUIAppStoreRatingsDistributionChart */,
				BAD12F1029CDDB9F006AE325 /* Products */,
			);
			sourceTree = "<group>";
		};
		BAD12F1029CDDB9F006AE325 /* Products */ = {
			isa = PBXGroup;
			children = (
				BAD12F0F29CDDB9F006AE325 /* SwiftUIAppStoreRatingsDistributionChart.app */,
			);
			name = Products;
			sourceTree = "<group>";
		};
		BAD12F1129CDDB9F006AE325 /* SwiftUIAppStoreRatingsDistributionChart */ = {
			isa = PBXGroup;
			children = (
				BAD12F1229CDDB9F006AE325 /* SwiftUIAppStoreRatingsDistributionChartApp.swift */,
				BAD12F1429CDDB9F006AE325 /* ContentView.swift */,
				BAD12F2029CDDBDC006AE325 /* RatingsDistributionView.swift */,
				BAD12F2229CDDBF4006AE325 /* Star.swift */,
				BAD12F1629CDDBA1006AE325 /* Assets.xcassets */,
				BAD12F1829CDDBA1006AE325 /* Preview Content */,
			);
			path = SwiftUIAppStoreRatingsDistributionChart;
			sourceTree = "<group>";
		};
		BAD12F1829CDDBA1006AE325 /* Preview Content */ = {
			isa = PBXGroup;
			children = (
				BAD12F1929CDDBA1006AE325 /* Preview Assets.xcassets */,
			);
			path = "Preview Content";
			sourceTree = "<group>";
		};
/* End PBXGroup section */

/* Begin PBXNativeTarget section */
		BAD12F0E29CDDB9F006AE325 /* SwiftUIAppStoreRatingsDistributionChart */ = {
			isa = PBXNativeTarget;
			buildConfigurationList = BAD12F1D29CDDBA1006AE325 /* Build configuration list for PBXNativeTarget "SwiftUIAppStoreRatingsDistributionChart" */;
			buildPhases = (
				BAD12F0B29CDDB9F006AE325 /* Sources */,
				BAD12F0C29CDDB9F006AE325 /* Frameworks */,
				BAD12F0D29CDDB9F006AE325 /* Resources */,
			);
			buildRules = (
			);
			dependencies = (
			);
			name = SwiftUIAppStoreRatingsDistributionChart;
			productName = SwiftUIAppStoreRatingsDistributionChart;
			productReference = BAD12F0F29CDDB9F006AE325 /* SwiftUIAppStoreRatingsDistributionChart.app */;
			productType = "com.apple.product-type.application";
		};
/* End PBXNativeTarget section */

/* Begin PBXProject section */
		BAD12F0729CDDB9E006AE325 /* Project object */ = {
			isa = PBXProject;
			attributes = {
				BuildIndependentTargetsInParallel = 1;
				LastSwiftUpdateCheck = 1410;
				LastUpgradeCheck = 1410;
				TargetAttributes = {
					BAD12F0E29CDDB9F006AE325 = {
						CreatedOnToolsVersion = 14.1;
					};
				};
			};
			buildConfigurationList = BAD12F0A29CDDB9E006AE325 /* Build configuration list for PBXProject "SwiftUIAppStoreRatingsDistributionChart" */;
			compatibilityVersion = "Xcode 14.0";
			developmentRegion = en;
			hasScannedForEncodings = 0;
			knownRegions = (
				en,
				Base,
			);
			mainGroup = BAD12F0629CDDB9E006AE325;
			productRefGroup = BAD12F1029CDDB9F006AE325 /* Products */;
			projectDirPath = "";
			projectRoot = "";
			targets = (
				BAD12F0E29CDDB9F006AE325 /* SwiftUIAppStoreRatingsDistributionChart */,
			);
		};
/* End PBXProject section */

/* Begin PBXResourcesBuildPhase section */
		BAD12F0D29CDDB9F006AE325 /* Resources */ = {
			isa = PBXResourcesBuildPhase;
			buildActionMask = 2147483647;
			files = (
				BAD12F1A29CDDBA1006AE325 /* Preview Assets.xcassets in Resources */,
				BAD12F1729CDDBA1006AE325 /* Assets.xcassets in Resources */,
			);
			runOnlyForDeploymentPostprocessing = 0;
		};
/* End PBXResourcesBuildPhase section */

/* Begin PBXSourcesBuildPhase section */
		BAD12F0B29CDDB9F006AE325 /* Sources */ = {
			isa = PBXSourcesBuildPhase;
			buildActionMask = 2147483647;
			files = (
				BAD12F1529CDDB9F006AE325 /* ContentView.swift in Sources */,
				BAD12F1329CDDB9F006AE325 /* SwiftUIAppStoreRatingsDistributionChartApp.swift in Sources */,
				BAD12F2129CDDBDC006AE325 /* RatingsDistributionView.swift in Sources */,
				BAD12F2329CDDBF4006AE325 /* Star.swift in Sources */,
			);
			runOnlyForDeploymentPostprocessing = 0;
		};
/* End PBXSourcesBuildPhase section */

/* Begin XCBuildConfiguration section */
		BAD12F1B29CDDBA1006AE325 /* Debug */ = {
			isa = XCBuildConfiguration;
			buildSettings = {
				ALWAYS_SEARCH_USER_PATHS = NO;
				CLANG_ANALYZER_NONNULL = YES;
				CLANG_ANALYZER_NUMBER_OBJECT_CONVERSION = YES_AGGRESSIVE;
				CLANG_CXX_LANGUAGE_STANDARD = "gnu++20";
				CLANG_ENABLE_MODULES = YES;
				CLANG_ENABLE_OBJC_ARC = YES;
				CLANG_ENABLE_OBJC_WEAK = YES;
				CLANG_WARN_BLOCK_CAPTURE_AUTORELEASING = YES;
				CLANG_WARN_BOOL_CONVERSION = YES;
				CLANG_WARN_COMMA = YES;
				CLANG_WARN_CONSTANT_CONVERSION = YES;
				CLANG_WARN_DEPRECATED_OBJC_IMPLEMENTATIONS = YES;
				CLANG_WARN_DIRECT_OBJC_ISA_USAGE = YES_ERROR;
				CLANG_WARN_DOCUMENTATION_COMMENTS = YES;
				CLANG_WARN_EMPTY_BODY = YES;
				CLANG_WARN_ENUM_CONVERSION = YES;
				CLANG_WARN_INFINITE_RECURSION = YES;
				CLANG_WARN_INT_CONVERSION = YES;
				CLANG_WARN_NON_LITERAL_NULL_CONVERSION = YES;
				CLANG_WARN_OBJC_IMPLICIT_RETAIN_SELF = YES;
				CLANG_WARN_OBJC_LITERAL_CONVERSION = YES;
				CLANG_WARN_OBJC_ROOT_CLASS = YES_ERROR;
				CLANG_WARN_QUOTED_INCLUDE_IN_FRAMEWORK_HEADER = YES;
				CLANG_WARN_RANGE_LOOP_ANALYSIS = YES;
				CLANG_WARN_STRICT_PROTOTYPES = YES;
				CLANG_WARN_SUSPICIOUS_MOVE = YES;
				CLANG_WARN_UNGUARDED_AVAILABILITY = YES_AGGRESSIVE;
				CLANG_WARN_UNREACHABLE_CODE = YES;
				CLANG_WARN__DUPLICATE_METHOD_MATCH = YES;
				COPY_PHASE_STRIP = NO;
				DEBUG_INFORMATION_FORMAT = dwarf;
				ENABLE_STRICT_OBJC_MSGSEND = YES;
				ENABLE_TESTABILITY = YES;
				GCC_C_LANGUAGE_STANDARD = gnu11;
				GCC_DYNAMIC_NO_PIC = NO;
				GCC_NO_COMMON_BLOCKS = YES;
				GCC_OPTIMIZATION_LEVEL = 0;
				GCC_PREPROCESSOR_DEFINITIONS = (
					"DEBUG=1",
					"$(inherited)",
				);
				GCC_WARN_64_TO_32_BIT_CONVERSION = YES;
				GCC_WARN_ABOUT_RETURN_TYPE = YES_ERROR;
				GCC_WARN_UNDECLARED_SELECTOR = YES;
				GCC_WARN_UNINITIALIZED_AUTOS = YES_AGGRESSIVE;
				GCC_WARN_UNUSED_FUNCTION = YES;
				GCC_WARN_UNUSED_VARIABLE = YES;
				IPHONEOS_DEPLOYMENT_TARGET = 16.1;
				MTL_ENABLE_DEBUG_INFO = INCLUDE_SOURCE;
				MTL_FAST_MATH = YES;
				ONLY_ACTIVE_ARCH = YES;
				SDKROOT = iphoneos;
				SWIFT_ACTIVE_COMPILATION_CONDITIONS = DEBUG;
				SWIFT_OPTIMIZATION_LEVEL = "-Onone";
			};
			name = Debug;
		};
		BAD12F1C29CDDBA1006AE325 /* Release */ = {
			isa = XCBuildConfiguration;
			buildSettings = {
				ALWAYS_SEARCH_USER_PATHS = NO;
				CLANG_ANALYZER_NONNULL = YES;
				CLANG_ANALYZER_NUMBER_OBJECT_CONVERSION = YES_AGGRESSIVE;
				CLANG_CXX_LANGUAGE_STANDARD = "gnu++20";
				CLANG_ENABLE_MODULES = YES;
				CLANG_ENABLE_OBJC_ARC = YES;
				CLANG_ENABLE_OBJC_WEAK = YES;
				CLANG_WARN_BLOCK_CAPTURE_AUTORELEASING = YES;
				CLANG_WARN_BOOL_CONVERSION = YES;
				CLANG_WARN_COMMA = YES;
				CLANG_WARN_CONSTANT_CONVERSION = YES;
				CLANG_WARN_DEPRECATED_OBJC_IMPLEMENTATIONS = YES;
				CLANG_WARN_DIRECT_OBJC_ISA_USAGE = YES_ERROR;
				CLANG_WARN_DOCUMENTATION_COMMENTS = YES;
				CLANG_WARN_EMPTY_BODY = YES;
				CLANG_WARN_ENUM_CONVERSION = YES;
				CLANG_WARN_INFINITE_RECURSION = YES;
				CLANG_WARN_INT_CONVERSION = YES;
				CLANG_WARN_NON_LITERAL_NULL_CONVERSION = YES;
				CLANG_WARN_OBJC_IMPLICIT_RETAIN_SELF = YES;
				CLANG_WARN_OBJC_LITERAL_CONVERSION = YES;
				CLANG_WARN_OBJC_ROOT_CLASS = YES_ERROR;
				CLANG_WARN_QUOTED_INCLUDE_IN_FRAMEWORK_HEADER = YES;
				CLANG_WARN_RANGE_LOOP_ANALYSIS = YES;
				CLANG_WARN_STRICT_PROTOTYPES = YES;
				CLANG_WARN_SUSPICIOUS_MOVE = YES;
				CLANG_WARN_UNGUARDED_AVAILABILITY = YES_AGGRESSIVE;
				CLANG_WARN_UNREACHABLE_CODE = YES;
				CLANG_WARN__DUPLICATE_METHOD_MATCH = YES;
				COPY_PHASE_STRIP = NO;
				DEBUG_INFORMATION_FORMAT = "dwarf-with-dsym";
				ENABLE_NS_ASSERTIONS = NO;
				ENABLE_STRICT_OBJC_MSGSEND = YES;
				GCC_C_LANGUAGE_STANDARD = gnu11;
				GCC_NO_COMMON_BLOCKS = YES;
				GCC_WARN_64_TO_32_BIT_CONVERSION = YES;
				GCC_WARN_ABOUT_RETURN_TYPE = YES_ERROR;
				GCC_WARN_UNDECLARED_SELECTOR = YES;
				GCC_WARN_UNINITIALIZED_AUTOS = YES_AGGRESSIVE;
				GCC_WARN_UNUSED_FUNCTION = YES;
				GCC_WARN_UNUSED_VARIABLE = YES;
				IPHONEOS_DEPLOYMENT_TARGET = 16.1;
				MTL_ENABLE_DEBUG_INFO = NO;
				MTL_FAST_MATH = YES;
				SDKROOT = iphoneos;
				SWIFT_COMPILATION_MODE = wholemodule;
				SWIFT_OPTIMIZATION_LEVEL = "-O";
				VALIDATE_PRODUCT = YES;
			};
			name = Release;
		};
		BAD12F1E29CDDBA1006AE325 /* Debug */ = {
			isa = XCBuildConfiguration;
			buildSettings = {
				ASSETCATALOG_COMPILER_APPICON_NAME = AppIcon;
				ASSETCATALOG_COMPILER_GLOBAL_ACCENT_COLOR_NAME = AccentColor;
				CODE_SIGN_STYLE = Automatic;
				CURRENT_PROJECT_VERSION = 1;
				DEVELOPMENT_ASSET_PATHS = "\"SwiftUIAppStoreRatingsDistributionChart/Preview Content\"";
				DEVELOPMENT_TEAM = U234P38NT6;
				ENABLE_PREVIEWS = YES;
				GENERATE_INFOPLIST_FILE = YES;
				INFOPLIST_KEY_UIApplicationSceneManifest_Generation = YES;
				INFOPLIST_KEY_UIApplicationSupportsIndirectInputEvents = YES;
				INFOPLIST_KEY_UILaunchScreen_Generation = YES;
				INFOPLIST_KEY_UISupportedInterfaceOrientations_iPad = "UIInterfaceOrientationPortrait UIInterfaceOrientationPortraitUpsideDown UIInterfaceOrientationLandscapeLeft UIInterfaceOrientationLandscapeRight";
				INFOPLIST_KEY_UISupportedInterfaceOrientations_iPhone = "UIInterfaceOrientationPortrait UIInterfaceOrientationLandscapeLeft UIInterfaceOrientationLandscapeRight";
				LD_RUNPATH_SEARCH_PATHS = (
					"$(inherited)",
					"@executable_path/Frameworks",
				);
				MARKETING_VERSION = 1.0;
				PRODUCT_BUNDLE_IDENTIFIER = com.salmanb.SwiftUIAppStoreRatingsDistributionChart;
				PRODUCT_NAME = "$(TARGET_NAME)";
				SWIFT_EMIT_LOC_STRINGS = YES;
				SWIFT_VERSION = 5.0;
				TARGETED_DEVICE_FAMILY = "1,2";
			};
			name = Debug;
		};
		BAD12F1F29CDDBA1006AE325 /* Release */ = {
			isa = XCBuildConfiguration;
			buildSettings = {
				ASSETCATALOG_COMPILER_APPICON_NAME = AppIcon;
				ASSETCATALOG_COMPILER_GLOBAL_ACCENT_COLOR_NAME = AccentColor;
				CODE_SIGN_STYLE = Automatic;
				CURRENT_PROJECT_VERSION = 1;
				DEVELOPMENT_ASSET_PATHS = "\"SwiftUIAppStoreRatingsDistributionChart/Preview Content\"";
				DEVELOPMENT_TEAM = U234P38NT6;
				ENABLE_PREVIEWS = YES;
				GENERATE_INFOPLIST_FILE = YES;
				INFOPLIST_KEY_UIApplicationSceneManifest_Generation = YES;
				INFOPLIST_KEY_UIApplicationSupportsIndirectInputEvents = YES;
				INFOPLIST_KEY_UILaunchScreen_Generation = YES;
				INFOPLIST_KEY_UISupportedInterfaceOrientations_iPad = "UIInterfaceOrientationPortrait UIInterfaceOrientationPortraitUpsideDown UIInterfaceOrientationLandscapeLeft UIInterfaceOrientationLandscapeRight";
				INFOPLIST_KEY_UISupportedInterfaceOrientations_iPhone = "UIInterfaceOrientationPortrait UIInterfaceOrientationLandscapeLeft UIInterfaceOrientationLandscapeRight";
				LD_RUNPATH_SEARCH_PATHS = (
					"$(inherited)",
					"@executable_path/Frameworks",
				);
				MARKETING_VERSION = 1.0;
				PRODUCT_BUNDLE_IDENTIFIER = com.salmanb.SwiftUIAppStoreRatingsDistributionChart;
				PRODUCT_NAME = "$(TARGET_NAME)";
				SWIFT_EMIT_LOC_STRINGS = YES;
				SWIFT_VERSION = 5.0;
				TARGETED_DEVICE_FAMILY = "1,2";
			};
			name = Release;
		};
/* End XCBuildConfiguration section */

/* Begin XCConfigurationList section */
		BAD12F0A29CDDB9E006AE325 /* Build configuration list for PBXProject "SwiftUIAppStoreRatingsDistributionChart" */ = {
			isa = XCConfigurationList;
			buildConfigurations = (
				BAD12F1B29CDDBA1006AE325 /* Debug */,
				BAD12F1C29CDDBA1006AE325 /* Release */,
			);
			defaultConfigurationIsVisible = 0;
			defaultConfigurationName = Release;
		};
		BAD12F1D29CDDBA1006AE325 /* Build configuration list for PBXNativeTarget "SwiftUIAppStoreRatingsDistributionChart" */ = {
			isa = XCConfigurationList;
			buildConfigurations = (
				BAD12F1E29CDDBA1006AE325 /* Debug */,
				BAD12F1F29CDDBA1006AE325 /* Release */,
			);
			defaultConfigurationIsVisible = 0;
			defaultConfigurationName = Release;
		};
/* End XCConfigurationList section */
	};
	rootObject = BAD12F0729CDDB9E006AE325 /* Project object */;
}
